
Microsoft Visual Studio Solution File, Format Version 12.00
# Visual Studio Version 16
VisualStudioVersion = 16.0.32106.194
MinimumVisualStudioVersion = 10.0.40219.1
Project("{9A19103F-16F7-4668-BE54-9A1E7A4F7556}") = "BestOfferings.API", "BestOfferings.API\BestOfferings.API.csproj", "{F0D0739D-8AB0-41B3-9DC6-A47861607048}"
EndProject
Project("{9A19103F-16F7-4668-BE54-9A1E7A4F7556}") = "BestOfferings.Data", "BestOfferings.Data\BestOfferings.Data.csproj", "{3D1644CA-B348-4F31-907C-9CCBB46689B0}"
EndProject
Project("{9A19103F-16F7-4668-BE54-9A1E7A4F7556}") = "BestOfferings.Core", "BestOfferings.Core\BestOfferings.Core.csproj", "{2DB89876-1FE1-4214-BEB0-8962FF48CED0}"
EndProject
Project("{9A19103F-16F7-4668-BE54-9A1E7A4F7556}") = "BestOfferings.infrastructure", "BestOfferings.infrastructure\BestOfferings.infrastructure.csproj", "{3D54894C-A98A-4DA4-B3C5-FB798C2B1899}"
EndProject
Project("{FAE04EC0-301F-11D3-BF4B-00C04F79EFBC}") = "BestOfferings.Web", "BestOfferings.Web\BestOfferings.Web.csproj", "{DFFA6417-4286-4C04-BC7E-176E5BE0E8C3}"
EndProject
Global
	GlobalSection(SolutionConfigurationPlatforms) = preSolution
		Debug|Any CPU = Debug|Any CPU
		Release|Any CPU = Release|Any CPU
	EndGlobalSection
	GlobalSection(ProjectConfigurationPlatforms) = postSolution
		{F0D0739D-8AB0-41B3-9DC6-A47861607048}.Debug|Any CPU.ActiveCfg = Debug|Any CPU
		{F0D0739D-8AB0-41B3-9DC6-A47861607048}.Debug|Any CPU.Build.0 = Debug|Any CPU
		{F0D0739D-8AB0-41B3-9DC6-A47861607048}.Release|Any CPU.ActiveCfg = Release|Any CPU
		{F0D0739D-8AB0-41B3-9DC6-A47861607048}.Release|Any CPU.Build.0 = Release|Any CPU
		{3D1644CA-B348-4F31-907C-9CCBB46689B0}.Debug|Any CPU.ActiveCfg = Debug|Any CPU
		{3D1644CA-B348-4F31-907C-9CCBB46689B0}.Debug|Any CPU.Build.0 = Debug|Any CPU
		{3D1644CA-B348-4F31-907C-9CCBB46689B0}.Release|Any CPU.ActiveCfg = Release|Any CPU
		{3D1644CA-B348-4F31-907C-9CCBB46689B0}.Release|Any CPU.Build.0 = Release|Any CPU
		{2DB89876-1FE1-4214-BEB0-8962FF48CED0}.Debug|Any CPU.ActiveCfg = Debug|Any CPU
		{2DB89876-1FE1-4214-BEB0-8962FF48CED0}.Debug|Any CPU.Build.0 = Debug|Any CPU
		{2DB89876-1FE1-4214-BEB0-8962FF48CED0}.Release|Any CPU.ActiveCfg = Release|Any CPU
		{2DB89876-1FE1-4214-BEB0-8962FF48CED0}.Release|Any CPU.Build.0 = Release|Any CPU
		{3D54894C-A98A-4DA4-B3C5-FB798C2B1899}.Debug|Any CPU.ActiveCfg = Debug|Any CPU
		{3D54894C-A98A-4DA4-B3C5-FB798C2B1899}.Debug|Any CPU.Build.0 = Debug|Any CPU
		{3D54894C-A98A-4DA4-B3C5-FB798C2B1899}.Release|Any CPU.ActiveCfg = Release|Any CPU
		{3D54894C-A98A-4DA4-B3C5-FB798C2B1899}.Release|Any CPU.Build.0 = Release|Any CPU
		{DFFA6417-4286-4C04-BC7E-176E5BE0E8C3}.Debug|Any CPU.ActiveCfg = Debug|Any CPU
		{DFFA6417-4286-4C04-BC7E-176E5BE0E8C3}.Debug|Any CPU.Build.0 = Debug|Any CPU
		{DFFA6417-4286-4C04-BC7E-176E5BE0E8C3}.Release|Any CPU.ActiveCfg = Release|Any CPU
		{DFFA6417-4286-4C04-BC7E-176E5BE0E8C3}.Release|Any CPU.Build.0 = Release|Any CPU
	EndGlobalSection
	GlobalSection(SolutionProperties) = preSolution
		HideSolutionNode = FALSE
	EndGlobalSection
	GlobalSection(ExtensibilityGlobals) = postSolution
		SolutionGuid = {E9CFAD1E-408E-412E-A50E-9F1056AA324B}
	EndGlobalSection
EndGlobal
